
Microsoft Visual Studio Solution File, Format Version 12.00
# Visual Studio 14
VisualStudioVersion = 14.0.25123.0
MinimumVisualStudioVersion = 10.0.40219.1
Project("{FAE04EC0-301F-11D3-BF4B-00C04F79EFBC}") = "Ccmi.OntoUml.Utilities", "Ccmi.OntoUml.Utilities\Ccmi.OntoUml.Utilities.csproj", "{AFF26D82-5BF2-4424-8E11-CBDF453CC737}"
EndProject
Project("{FAE04EC0-301F-11D3-BF4B-00C04F79EFBC}") = "Ccmi.OntoUml.Utilities.Tests", "Ccmi.OntoUml.Utilities.Tests\Ccmi.OntoUml.Utilities.Tests.csproj", "{0E4E3574-1BA5-4450-A7D1-195F1673EA59}"
EndProject
Global
	GlobalSection(SolutionConfigurationPlatforms) = preSolution
		Debug|Any CPU = Debug|Any CPU
		Release|Any CPU = Release|Any CPU
	EndGlobalSection
	GlobalSection(ProjectConfigurationPlatforms) = postSolution
		{AFF26D82-5BF2-4424-8E11-CBDF453CC737}.Debug|Any CPU.ActiveCfg = Debug|Any CPU
		{AFF26D82-5BF2-4424-8E11-CBDF453CC737}.Debug|Any CPU.Build.0 = Debug|Any CPU
		{AFF26D82-5BF2-4424-8E11-CBDF453CC737}.Release|Any CPU.ActiveCfg = Release|Any CPU
		{AFF26D82-5BF2-4424-8E11-CBDF453CC737}.Release|Any CPU.Build.0 = Release|Any CPU
		{0E4E3574-1BA5-4450-A7D1-195F1673EA59}.Debug|Any CPU.ActiveCfg = Debug|Any CPU
		{0E4E3574-1BA5-4450-A7D1-195F1673EA59}.Debug|Any CPU.Build.0 = Debug|Any CPU
		{0E4E3574-1BA5-4450-A7D1-195F1673EA59}.Release|Any CPU.ActiveCfg = Release|Any CPU
		{0E4E3574-1BA5-4450-A7D1-195F1673EA59}.Release|Any CPU.Build.0 = Release|Any CPU
	EndGlobalSection
	GlobalSection(SolutionProperties) = preSolution
		HideSolutionNode = FALSE
	EndGlobalSection
EndGlobal
